
Microsoft Visual Studio Solution File, Format Version 12.00
# Visual Studio 14
VisualStudioVersion = 14.0.25420.1
MinimumVisualStudioVersion = 10.0.40219.1
Project("{FAE04EC0-301F-11D3-BF4B-00C04F79EFBC}") = "BookShop", "BookShop\BookShop.csproj", "{9B6AE807-FD76-443D-BC41-2D54F9FA9A86}"
EndProject
Project("{FAE04EC0-301F-11D3-BF4B-00C04F79EFBC}") = "DataModelLayer", "DataModelLayer\DataModelLayer.csproj", "{C0170B4F-50F8-4011-81CA-56BC0E585491}"
EndProject
Project("{FAE04EC0-301F-11D3-BF4B-00C04F79EFBC}") = "BusinessLayer", "BusinessLayer\BusinessLayer.csproj", "{057994F2-B66F-469C-90A9-8808032A6B2F}"
EndProject
Global
	GlobalSection(SolutionConfigurationPlatforms) = preSolution
		Debug|Any CPU = Debug|Any CPU
		Release|Any CPU = Release|Any CPU
	EndGlobalSection
	GlobalSection(ProjectConfigurationPlatforms) = postSolution
		{9B6AE807-FD76-443D-BC41-2D54F9FA9A86}.Debug|Any CPU.ActiveCfg = Debug|Any CPU
		{9B6AE807-FD76-443D-BC41-2D54F9FA9A86}.Debug|Any CPU.Build.0 = Debug|Any CPU
		{9B6AE807-FD76-443D-BC41-2D54F9FA9A86}.Release|Any CPU.ActiveCfg = Release|Any CPU
		{9B6AE807-FD76-443D-BC41-2D54F9FA9A86}.Release|Any CPU.Build.0 = Release|Any CPU
		{C0170B4F-50F8-4011-81CA-56BC0E585491}.Debug|Any CPU.ActiveCfg = Debug|Any CPU
		{C0170B4F-50F8-4011-81CA-56BC0E585491}.Debug|Any CPU.Build.0 = Debug|Any CPU
		{C0170B4F-50F8-4011-81CA-56BC0E585491}.Release|Any CPU.ActiveCfg = Release|Any CPU
		{C0170B4F-50F8-4011-81CA-56BC0E585491}.Release|Any CPU.Build.0 = Release|Any CPU
		{057994F2-B66F-469C-90A9-8808032A6B2F}.Debug|Any CPU.ActiveCfg = Debug|Any CPU
		{057994F2-B66F-469C-90A9-8808032A6B2F}.Debug|Any CPU.Build.0 = Debug|Any CPU
		{057994F2-B66F-469C-90A9-8808032A6B2F}.Release|Any CPU.ActiveCfg = Release|Any CPU
		{057994F2-B66F-469C-90A9-8808032A6B2F}.Release|Any CPU.Build.0 = Release|Any CPU
	EndGlobalSection
	GlobalSection(SolutionProperties) = preSolution
		HideSolutionNode = FALSE
	EndGlobalSection
EndGlobal
